
Microsoft Visual Studio Solution File, Format Version 12.00
# Visual Studio Version 16
VisualStudioVersion = 16.0.30907.101
MinimumVisualStudioVersion = 10.0.40219.1
Project("{FAE04EC0-301F-11D3-BF4B-00C04F79EFBC}") = "WebApplication", "WebApplication\WebApplication.csproj", "{DB3B20E2-3349-4970-8DC3-80E5D07E7070}"
EndProject
Global
	GlobalSection(SolutionConfigurationPlatforms) = preSolution
		Debug|Any CPU = Debug|Any CPU
		Release|Any CPU = Release|Any CPU
	EndGlobalSection
	GlobalSection(ProjectConfigurationPlatforms) = postSolution
		{DB3B20E2-3349-4970-8DC3-80E5D07E7070}.Debug|Any CPU.ActiveCfg = Debug|Any CPU
		{DB3B20E2-3349-4970-8DC3-80E5D07E7070}.Debug|Any CPU.Build.0 = Debug|Any CPU
		{DB3B20E2-3349-4970-8DC3-80E5D07E7070}.Release|Any CPU.ActiveCfg = Release|Any CPU
		{DB3B20E2-3349-4970-8DC3-80E5D07E7070}.Release|Any CPU.Build.0 = Release|Any CPU
	EndGlobalSection
	GlobalSection(SolutionProperties) = preSolution
		HideSolutionNode = FALSE
	EndGlobalSection
	GlobalSection(ExtensibilityGlobals) = postSolution
		SolutionGuid = {176A1509-9082-4605-A502-73365F2AA2A5}
	EndGlobalSection
EndGlobal
